
Microsoft Visual Studio Solution File, Format Version 12.00
# Visual Studio Version 17
VisualStudioVersion = 17.2.32616.157
MinimumVisualStudioVersion = 10.0.40219.1
Project("{FAE04EC0-301F-11D3-BF4B-00C04F79EFBC}") = "ChatLinguagensDiferentes", "ChatLinguagensDiferentes.csproj", "{7A7B85FD-1880-4C57-8917-1FFC4288A8A8}"
EndProject
Global
	GlobalSection(SolutionConfigurationPlatforms) = preSolution
		Debug|Any CPU = Debug|Any CPU
		Release|Any CPU = Release|Any CPU
	EndGlobalSection
	GlobalSection(ProjectConfigurationPlatforms) = postSolution
		{7A7B85FD-1880-4C57-8917-1FFC4288A8A8}.Debug|Any CPU.ActiveCfg = Debug|Any CPU
		{7A7B85FD-1880-4C57-8917-1FFC4288A8A8}.Debug|Any CPU.Build.0 = Debug|Any CPU
		{7A7B85FD-1880-4C57-8917-1FFC4288A8A8}.Release|Any CPU.ActiveCfg = Release|Any CPU
		{7A7B85FD-1880-4C57-8917-1FFC4288A8A8}.Release|Any CPU.Build.0 = Release|Any CPU
	EndGlobalSection
	GlobalSection(SolutionProperties) = preSolution
		HideSolutionNode = FALSE
	EndGlobalSection
	GlobalSection(ExtensibilityGlobals) = postSolution
		SolutionGuid = {B476F541-4A1F-4202-BB22-D9A97A181058}
	EndGlobalSection
EndGlobal
